// !$*UTF8*$!
{
	archiveVersion = 1;
	classes = {
	};
	objectVersion = 46;
	objects = {

/* Begin PBXBuildFile section */
		463E911C1C60DC5F007A0E24 /* AppDelegate.swift in Sources */ = {isa = PBXBuildFile; fileRef = 463E911B1C60DC5F007A0E24 /* AppDelegate.swift */; };
		463E911E1C60DC5F007A0E24 /* ViewController.swift in Sources */ = {isa = PBXBuildFile; fileRef = 463E911D1C60DC5F007A0E24 /* ViewController.swift */; };
		463E91211C60DC5F007A0E24 /* Main.storyboard in Resources */ = {isa = PBXBuildFile; fileRef = 463E911F1C60DC5F007A0E24 /* Main.storyboard */; };
		463E91231C60DC5F007A0E24 /* Assets.xcassets in Resources */ = {isa = PBXBuildFile; fileRef = 463E91221C60DC5F007A0E24 /* Assets.xcassets */; };
		463E91261C60DC5F007A0E24 /* LaunchScreen.storyboard in Resources */ = {isa = PBXBuildFile; fileRef = 463E91241C60DC5F007A0E24 /* LaunchScreen.storyboard */; };
		463E91311C60DC5F007A0E24 /* TechMonsterTests.swift in Sources */ = {isa = PBXBuildFile; fileRef = 463E91301C60DC5F007A0E24 /* TechMonsterTests.swift */; };
		463E913C1C60DC5F007A0E24 /* TechMonsterUITests.swift in Sources */ = {isa = PBXBuildFile; fileRef = 463E913B1C60DC5F007A0E24 /* TechMonsterUITests.swift */; };
		463E91741C60E045007A0E24 /* LobbyViewController.swift in Sources */ = {isa = PBXBuildFile; fileRef = 463E91731C60E045007A0E24 /* LobbyViewController.swift */; };
		46AE42D41C60E98D002B2AF2 /* Default-568h@2x.png in Resources */ = {isa = PBXBuildFile; fileRef = 46AE42BE1C60E98D002B2AF2 /* Default-568h@2x.png */; };
		46AE42D51C60E98D002B2AF2 /* Default-667h@2x.png in Resources */ = {isa = PBXBuildFile; fileRef = 46AE42BF1C60E98D002B2AF2 /* Default-667h@2x.png */; };
		46AE42D61C60E98D002B2AF2 /* Default-736h@3x.png in Resources */ = {isa = PBXBuildFile; fileRef = 46AE42C01C60E98D002B2AF2 /* Default-736h@3x.png */; };
		46AE42D71C60E98D002B2AF2 /* misaki_gothic.ttf in Resources */ = {isa = PBXBuildFile; fileRef = 46AE42C21C60E98D002B2AF2 /* misaki_gothic.ttf */; };
		46AE42D81C60E98D002B2AF2 /* battlebg.png in Resources */ = {isa = PBXBuildFile; fileRef = 46AE42C41C60E98D002B2AF2 /* battlebg.png */; };
		46AE42D91C60E98D002B2AF2 /* bgimage.jpg in Resources */ = {isa = PBXBuildFile; fileRef = 46AE42C51C60E98D002B2AF2 /* bgimage.jpg */; };
		46AE42DA1C60E98D002B2AF2 /* falcon.png in Resources */ = {isa = PBXBuildFile; fileRef = 46AE42C61C60E98D002B2AF2 /* falcon.png */; };
		46AE42DB1C60E98D002B2AF2 /* gold_button.png in Resources */ = {isa = PBXBuildFile; fileRef = 46AE42C71C60E98D002B2AF2 /* gold_button.png */; };
		46AE42DC1C60E98D002B2AF2 /* lobby.png in Resources */ = {isa = PBXBuildFile; fileRef = 46AE42C81C60E98D002B2AF2 /* lobby.png */; };
		46AE42DD1C60E98D002B2AF2 /* waku.png in Resources */ = {isa = PBXBuildFile; fileRef = 46AE42C91C60E98D002B2AF2 /* waku.png */; };
		46AE42DE1C60E98D002B2AF2 /* Enemy.swift in Sources */ = {isa = PBXBuildFile; fileRef = 46AE42CB1C60E98D002B2AF2 /* Enemy.swift */; };
		46AE42DF1C60E98D002B2AF2 /* Player.swift in Sources */ = {isa = PBXBuildFile; fileRef = 46AE42CC1C60E98D002B2AF2 /* Player.swift */; };
		46AE42E01C60E98D002B2AF2 /* TechDraUtility.swift in Sources */ = {isa = PBXBuildFile; fileRef = 46AE42CD1C60E98D002B2AF2 /* TechDraUtility.swift */; };
		46AE42E11C60E98D002B2AF2 /* BGM_battle001.mp3 in Resources */ = {isa = PBXBuildFile; fileRef = 46AE42CF1C60E98D002B2AF2 /* BGM_battle001.mp3 */; };
		46AE42E21C60E98D002B2AF2 /* lobby.mp3 in Resources */ = {isa = PBXBuildFile; fileRef = 46AE42D01C60E98D002B2AF2 /* lobby.mp3 */; };
		46AE42E31C60E98D002B2AF2 /* SE_attack.mp3 in Resources */ = {isa = PBXBuildFile; fileRef = 46AE42D11C60E98D002B2AF2 /* SE_attack.mp3 */; };
		46AE42E41C60E98D002B2AF2 /* SE_fanfare.mp3 in Resources */ = {isa = PBXBuildFile; fileRef = 46AE42D21C60E98D002B2AF2 /* SE_fanfare.mp3 */; };
		46AE42E51C60E98D002B2AF2 /* SE_gameover.mp3 in Resources */ = {isa = PBXBuildFile; fileRef = 46AE42D31C60E98D002B2AF2 /* SE_gameover.mp3 */; };
		46AE431D1C60F868002B2AF2 /* Icon-40.png in Resources */ = {isa = PBXBuildFile; fileRef = 46AE43121C60F868002B2AF2 /* Icon-40.png */; };
		46AE431E1C60F868002B2AF2 /* Icon-40@2x.png in Resources */ = {isa = PBXBuildFile; fileRef = 46AE43131C60F868002B2AF2 /* Icon-40@2x.png */; };
		46AE431F1C60F868002B2AF2 /* Icon-40@3x.png in Resources */ = {isa = PBXBuildFile; fileRef = 46AE43141C60F868002B2AF2 /* Icon-40@3x.png */; };
		46AE43201C60F868002B2AF2 /* Icon-60@2x.png in Resources */ = {isa = PBXBuildFile; fileRef = 46AE43151C60F868002B2AF2 /* Icon-60@2x.png */; };
		46AE43211C60F868002B2AF2 /* Icon-60@3x.png in Resources */ = {isa = PBXBuildFile; fileRef = 46AE43161C60F868002B2AF2 /* Icon-60@3x.png */; };
		46AE43221C60F868002B2AF2 /* Icon-76.png in Resources */ = {isa = PBXBuildFile; fileRef = 46AE43171C60F868002B2AF2 /* Icon-76.png */; };
		46AE43231C60F868002B2AF2 /* Icon-76@2x.png in Resources */ = {isa = PBXBuildFile; fileRef = 46AE43181C60F868002B2AF2 /* Icon-76@2x.png */; };
		46AE43241C60F868002B2AF2 /* Icon-83.5@2x.png in Resources */ = {isa = PBXBuildFile; fileRef = 46AE43191C60F868002B2AF2 /* Icon-83.5@2x.png */; };
		46AE43251C60F868002B2AF2 /* Icon-Small.png in Resources */ = {isa = PBXBuildFile; fileRef = 46AE431A1C60F868002B2AF2 /* Icon-Small.png */; };
		46AE43261C60F868002B2AF2 /* Icon-Small@2x.png in Resources */ = {isa = PBXBuildFile; fileRef = 46AE431B1C60F868002B2AF2 /* Icon-Small@2x.png */; };
		46AE43271C60F868002B2AF2 /* Icon-Small@3x.png in Resources */ = {isa = PBXBuildFile; fileRef = 46AE431C1C60F868002B2AF2 /* Icon-Small@3x.png */; };
		46AE43291C60F9DF002B2AF2 /* Info.plist in Resources */ = {isa = PBXBuildFile; fileRef = 46AE43281C60F9DF002B2AF2 /* Info.plist */; };
		46AE432B1C6104D2002B2AF2 /* TechMonster.png in Resources */ = {isa = PBXBuildFile; fileRef = 46AE432A1C6104D2002B2AF2 /* TechMonster.png */; };
/* End PBXBuildFile section */

/* Begin PBXContainerItemProxy section */
		463E912D1C60DC5F007A0E24 /* PBXContainerItemProxy */ = {
			isa = PBXContainerItemProxy;
			containerPortal = 463E91101C60DC5F007A0E24 /* Project object */;
			proxyType = 1;
			remoteGlobalIDString = 463E91171C60DC5F007A0E24;
			remoteInfo = TechMonster;
		};
		463E91381C60DC5F007A0E24 /* PBXContainerItemProxy */ = {
			isa = PBXContainerItemProxy;
			containerPortal = 463E91101C60DC5F007A0E24 /* Project object */;
			proxyType = 1;
			remoteGlobalIDString = 463E91171C60DC5F007A0E24;
			remoteInfo = TechMonster;
		};
/* End PBXContainerItemProxy section */

/* Begin PBXFileReference section */
		463E91181C60DC5F007A0E24 /* TechMonster.app */ = {isa = PBXFileReference; explicitFileType = wrapper.application; includeInIndex = 0; path = TechMonster.app; sourceTree = BUILT_PRODUCTS_DIR; };
		463E911B1C60DC5F007A0E24 /* AppDelegate.swift */ = {isa = PBXFileReference; lastKnownFileType = sourcecode.swift; path = AppDelegate.swift; sourceTree = "<group>"; };
		463E911D1C60DC5F007A0E24 /* ViewController.swift */ = {isa = PBXFileReference; lastKnownFileType = sourcecode.swift; path = ViewController.swift; sourceTree = "<group>"; };
		463E91201C60DC5F007A0E24 /* Base */ = {isa = PBXFileReference; lastKnownFileType = file.storyboard; name = Base; path = Base.lproj/Main.storyboard; sourceTree = "<group>"; };
		463E91221C60DC5F007A0E24 /* Assets.xcassets */ = {isa = PBXFileReference; lastKnownFileType = folder.assetcatalog; path = Assets.xcassets; sourceTree = "<group>"; };
		463E91251C60DC5F007A0E24 /* Base */ = {isa = PBXFileReference; lastKnownFileType = file.storyboard; name = Base; path = Base.lproj/LaunchScreen.storyboard; sourceTree = "<group>"; };
		463E912C1C60DC5F007A0E24 /* TechMonsterTests.xctest */ = {isa = PBXFileReference; explicitFileType = wrapper.cfbundle; includeInIndex = 0; path = TechMonsterTests.xctest; sourceTree = BUILT_PRODUCTS_DIR; };
		463E91301C60DC5F007A0E24 /* TechMonsterTests.swift */ = {isa = PBXFileReference; lastKnownFileType = sourcecode.swift; path = TechMonsterTests.swift; sourceTree = "<group>"; };
		463E91321C60DC5F007A0E24 /* Info.plist */ = {isa = PBXFileReference; lastKnownFileType = text.plist.xml; path = Info.plist; sourceTree = "<group>"; };
		463E91371C60DC5F007A0E24 /* TechMonsterUITests.xctest */ = {isa = PBXFileReference; explicitFileType = wrapper.cfbundle; includeInIndex = 0; path = TechMonsterUITests.xctest; sourceTree = BUILT_PRODUCTS_DIR; };
		463E913B1C60DC5F007A0E24 /* TechMonsterUITests.swift */ = {isa = PBXFileReference; lastKnownFileType = sourcecode.swift; path = TechMonsterUITests.swift; sourceTree = "<group>"; };
		463E913D1C60DC5F007A0E24 /* Info.plist */ = {isa = PBXFileReference; lastKnownFileType = text.plist.xml; path = Info.plist; sourceTree = "<group>"; };
		463E91731C60E045007A0E24 /* LobbyViewController.swift */ = {isa = PBXFileReference; fileEncoding = 4; lastKnownFileType = sourcecode.swift; path = LobbyViewController.swift; sourceTree = "<group>"; };
		46AE42BE1C60E98D002B2AF2 /* Default-568h@2x.png */ = {isa = PBXFileReference; lastKnownFileType = image.png; path = "Default-568h@2x.png"; sourceTree = "<group>"; };
		46AE42BF1C60E98D002B2AF2 /* Default-667h@2x.png */ = {isa = PBXFileReference; lastKnownFileType = image.png; path = "Default-667h@2x.png"; sourceTree = "<group>"; };
		46AE42C01C60E98D002B2AF2 /* Default-736h@3x.png */ = {isa = PBXFileReference; lastKnownFileType = image.png; path = "Default-736h@3x.png"; sourceTree = "<group>"; };
		46AE42C21C60E98D002B2AF2 /* misaki_gothic.ttf */ = {isa = PBXFileReference; lastKnownFileType = file; path = misaki_gothic.ttf; sourceTree = "<group>"; };
		46AE42C41C60E98D002B2AF2 /* battlebg.png */ = {isa = PBXFileReference; lastKnownFileType = image.png; path = battlebg.png; sourceTree = "<group>"; };
		46AE42C51C60E98D002B2AF2 /* bgimage.jpg */ = {isa = PBXFileReference; lastKnownFileType = image.jpeg; path = bgimage.jpg; sourceTree = "<group>"; };
		46AE42C61C60E98D002B2AF2 /* falcon.png */ = {isa = PBXFileReference; lastKnownFileType = image.png; path = falcon.png; sourceTree = "<group>"; };
		46AE42C71C60E98D002B2AF2 /* gold_button.png */ = {isa = PBXFileReference; lastKnownFileType = image.png; path = gold_button.png; sourceTree = "<group>"; };
		46AE42C81C60E98D002B2AF2 /* lobby.png */ = {isa = PBXFileReference; lastKnownFileType = image.png; path = lobby.png; sourceTree = "<group>"; };
		46AE42C91C60E98D002B2AF2 /* waku.png */ = {isa = PBXFileReference; lastKnownFileType = image.png; path = waku.png; sourceTree = "<group>"; };
		46AE42CB1C60E98D002B2AF2 /* Enemy.swift */ = {isa = PBXFileReference; fileEncoding = 4; lastKnownFileType = sourcecode.swift; path = Enemy.swift; sourceTree = "<group>"; };
		46AE42CC1C60E98D002B2AF2 /* Player.swift */ = {isa = PBXFileReference; fileEncoding = 4; lastKnownFileType = sourcecode.swift; path = Player.swift; sourceTree = "<group>"; };
		46AE42CD1C60E98D002B2AF2 /* TechDraUtility.swift */ = {isa = PBXFileReference; fileEncoding = 4; lastKnownFileType = sourcecode.swift; path = TechDraUtility.swift; sourceTree = "<group>"; };
		46AE42CF1C60E98D002B2AF2 /* BGM_battle001.mp3 */ = {isa = PBXFileReference; lastKnownFileType = audio.mp3; path = BGM_battle001.mp3; sourceTree = "<group>"; };
		46AE42D01C60E98D002B2AF2 /* lobby.mp3 */ = {isa = PBXFileReference; lastKnownFileType = audio.mp3; path = lobby.mp3; sourceTree = "<group>"; };
		46AE42D11C60E98D002B2AF2 /* SE_attack.mp3 */ = {isa = PBXFileReference; lastKnownFileType = audio.mp3; path = SE_attack.mp3; sourceTree = "<group>"; };
		46AE42D21C60E98D002B2AF2 /* SE_fanfare.mp3 */ = {isa = PBXFileReference; lastKnownFileType = audio.mp3; path = SE_fanfare.mp3; sourceTree = "<group>"; };
		46AE42D31C60E98D002B2AF2 /* SE_gameover.mp3 */ = {isa = PBXFileReference; lastKnownFileType = audio.mp3; path = SE_gameover.mp3; sourceTree = "<group>"; };
		46AE43121C60F868002B2AF2 /* Icon-40.png */ = {isa = PBXFileReference; lastKnownFileType = image.png; path = "Icon-40.png"; sourceTree = "<group>"; };
		46AE43131C60F868002B2AF2 /* Icon-40@2x.png */ = {isa = PBXFileReference; lastKnownFileType = image.png; path = "Icon-40@2x.png"; sourceTree = "<group>"; };
		46AE43141C60F868002B2AF2 /* Icon-40@3x.png */ = {isa = PBXFileReference; lastKnownFileType = image.png; path = "Icon-40@3x.png"; sourceTree = "<group>"; };
		46AE43151C60F868002B2AF2 /* Icon-60@2x.png */ = {isa = PBXFileReference; lastKnownFileType = image.png; path = "Icon-60@2x.png"; sourceTree = "<group>"; };
		46AE43161C60F868002B2AF2 /* Icon-60@3x.png */ = {isa = PBXFileReference; lastKnownFileType = image.png; path = "Icon-60@3x.png"; sourceTree = "<group>"; };
		46AE43171C60F868002B2AF2 /* Icon-76.png */ = {isa = PBXFileReference; lastKnownFileType = image.png; path = "Icon-76.png"; sourceTree = "<group>"; };
		46AE43181C60F868002B2AF2 /* Icon-76@2x.png */ = {isa = PBXFileReference; lastKnownFileType = image.png; path = "Icon-76@2x.png"; sourceTree = "<group>"; };
		46AE43191C60F868002B2AF2 /* Icon-83.5@2x.png */ = {isa = PBXFileReference; lastKnownFileType = image.png; path = "Icon-83.5@2x.png"; sourceTree = "<group>"; };
		46AE431A1C60F868002B2AF2 /* Icon-Small.png */ = {isa = PBXFileReference; lastKnownFileType = image.png; path = "Icon-Small.png"; sourceTree = "<group>"; };
		46AE431B1C60F868002B2AF2 /* Icon-Small@2x.png */ = {isa = PBXFileReference; lastKnownFileType = image.png; path = "Icon-Small@2x.png"; sourceTree = "<group>"; };
		46AE431C1C60F868002B2AF2 /* Icon-Small@3x.png */ = {isa = PBXFileReference; lastKnownFileType = image.png; path = "Icon-Small@3x.png"; sourceTree = "<group>"; };
		46AE43281C60F9DF002B2AF2 /* Info.plist */ = {isa = PBXFileReference; fileEncoding = 4; lastKnownFileType = text.plist.xml; path = Info.plist; sourceTree = "<group>"; };
		46AE432A1C6104D2002B2AF2 /* TechMonster.png */ = {isa = PBXFileReference; lastKnownFileType = image.png; path = TechMonster.png; sourceTree = "<group>"; };
/* End PBXFileReference section */

/* Begin PBXFrameworksBuildPhase section */
		463E91151C60DC5F007A0E24 /* Frameworks */ = {
			isa = PBXFrameworksBuildPhase;
			buildActionMask = 2147483647;
			files = (
			);
			runOnlyForDeploymentPostprocessing = 0;
		};
		463E91291C60DC5F007A0E24 /* Frameworks */ = {
			isa = PBXFrameworksBuildPhase;
			buildActionMask = 2147483647;
			files = (
			);
			runOnlyForDeploymentPostprocessing = 0;
		};
		463E91341C60DC5F007A0E24 /* Frameworks */ = {
			isa = PBXFrameworksBuildPhase;
			buildActionMask = 2147483647;
			files = (
			);
			runOnlyForDeploymentPostprocessing = 0;
		};
/* End PBXFrameworksBuildPhase section */

/* Begin PBXGroup section */
		463E910F1C60DC5F007A0E24 = {
			isa = PBXGroup;
			children = (
				463E911A1C60DC5F007A0E24 /* TechMonster */,
				463E912F1C60DC5F007A0E24 /* TechMonsterTests */,
				463E913A1C60DC5F007A0E24 /* TechMonsterUITests */,
				463E91191C60DC5F007A0E24 /* Products */,
			);
			sourceTree = "<group>";
		};
		463E91191C60DC5F007A0E24 /* Products */ = {
			isa = PBXGroup;
			children = (
				463E91181C60DC5F007A0E24 /* TechMonster.app */,
				463E912C1C60DC5F007A0E24 /* TechMonsterTests.xctest */,
				463E91371C60DC5F007A0E24 /* TechMonsterUITests.xctest */,
			);
			name = Products;
			sourceTree = "<group>";
		};
		463E911A1C60DC5F007A0E24 /* TechMonster */ = {
			isa = PBXGroup;
			children = (
				463E911B1C60DC5F007A0E24 /* AppDelegate.swift */,
				463E911D1C60DC5F007A0E24 /* ViewController.swift */,
				463E911F1C60DC5F007A0E24 /* Main.storyboard */,
				463E91221C60DC5F007A0E24 /* Assets.xcassets */,
				463E91241C60DC5F007A0E24 /* LaunchScreen.storyboard */,
				46AE42BC1C60E98D002B2AF2 /* TechMon_Resources */,
				463E91731C60E045007A0E24 /* LobbyViewController.swift */,
				46AE43281C60F9DF002B2AF2 /* Info.plist */,
			);
			path = TechMonster;
			sourceTree = "<group>";
		};
		463E912F1C60DC5F007A0E24 /* TechMonsterTests */ = {
			isa = PBXGroup;
			children = (
				463E91301C60DC5F007A0E24 /* TechMonsterTests.swift */,
				463E91321C60DC5F007A0E24 /* Info.plist */,
			);
			path = TechMonsterTests;
			sourceTree = "<group>";
		};
		463E913A1C60DC5F007A0E24 /* TechMonsterUITests */ = {
			isa = PBXGroup;
			children = (
				463E913B1C60DC5F007A0E24 /* TechMonsterUITests.swift */,
				463E913D1C60DC5F007A0E24 /* Info.plist */,
			);
			path = TechMonsterUITests;
			sourceTree = "<group>";
		};
		46AE42BC1C60E98D002B2AF2 /* TechMon_Resources */ = {
			isa = PBXGroup;
			children = (
				46AE432A1C6104D2002B2AF2 /* TechMonster.png */,
				46AE42BD1C60E98D002B2AF2 /* Defaults */,
				46AE42C11C60E98D002B2AF2 /* Fonts */,
				46AE42C31C60E98D002B2AF2 /* Images */,
				46AE42CA1C60E98D002B2AF2 /* Models */,
				46AE42CE1C60E98D002B2AF2 /* Sounds */,
			);
			path = TechMon_Resources;
			sourceTree = "<group>";
		};
		46AE42BD1C60E98D002B2AF2 /* Defaults */ = {
			isa = PBXGroup;
			children = (
				46AE42BE1C60E98D002B2AF2 /* Default-568h@2x.png */,
				46AE42BF1C60E98D002B2AF2 /* Default-667h@2x.png */,
				46AE42C01C60E98D002B2AF2 /* Default-736h@3x.png */,
			);
			path = Defaults;
			sourceTree = "<group>";
		};
		46AE42C11C60E98D002B2AF2 /* Fonts */ = {
			isa = PBXGroup;
			children = (
				46AE42C21C60E98D002B2AF2 /* misaki_gothic.ttf */,
			);
			path = Fonts;
			sourceTree = "<group>";
		};
		46AE42C31C60E98D002B2AF2 /* Images */ = {
			isa = PBXGroup;
			children = (
				46AE43121C60F868002B2AF2 /* Icon-40.png */,
				46AE43131C60F868002B2AF2 /* Icon-40@2x.png */,
				46AE43141C60F868002B2AF2 /* Icon-40@3x.png */,
				46AE43151C60F868002B2AF2 /* Icon-60@2x.png */,
				46AE43161C60F868002B2AF2 /* Icon-60@3x.png */,
				46AE43171C60F868002B2AF2 /* Icon-76.png */,
				46AE43181C60F868002B2AF2 /* Icon-76@2x.png */,
				46AE43191C60F868002B2AF2 /* Icon-83.5@2x.png */,
				46AE431A1C60F868002B2AF2 /* Icon-Small.png */,
				46AE431B1C60F868002B2AF2 /* Icon-Small@2x.png */,
				46AE431C1C60F868002B2AF2 /* Icon-Small@3x.png */,
				46AE42C41C60E98D002B2AF2 /* battlebg.png */,
				46AE42C51C60E98D002B2AF2 /* bgimage.jpg */,
				46AE42C61C60E98D002B2AF2 /* falcon.png */,
				46AE42C71C60E98D002B2AF2 /* gold_button.png */,
				46AE42C81C60E98D002B2AF2 /* lobby.png */,
				46AE42C91C60E98D002B2AF2 /* waku.png */,
			);
			path = Images;
			sourceTree = "<group>";
		};
		46AE42CA1C60E98D002B2AF2 /* Models */ = {
			isa = PBXGroup;
			children = (
				46AE42CB1C60E98D002B2AF2 /* Enemy.swift */,
				46AE42CC1C60E98D002B2AF2 /* Player.swift */,
				46AE42CD1C60E98D002B2AF2 /* TechDraUtility.swift */,
			);
			path = Models;
			sourceTree = "<group>";
		};
		46AE42CE1C60E98D002B2AF2 /* Sounds */ = {
			isa = PBXGroup;
			children = (
				46AE42CF1C60E98D002B2AF2 /* BGM_battle001.mp3 */,
				46AE42D01C60E98D002B2AF2 /* lobby.mp3 */,
				46AE42D11C60E98D002B2AF2 /* SE_attack.mp3 */,
				46AE42D21C60E98D002B2AF2 /* SE_fanfare.mp3 */,
				46AE42D31C60E98D002B2AF2 /* SE_gameover.mp3 */,
			);
			path = Sounds;
			sourceTree = "<group>";
		};
/* End PBXGroup section */

/* Begin PBXNativeTarget section */
		463E91171C60DC5F007A0E24 /* TechMonster */ = {
			isa = PBXNativeTarget;
			buildConfigurationList = 463E91401C60DC5F007A0E24 /* Build configuration list for PBXNativeTarget "TechMonster" */;
			buildPhases = (
				463E91141C60DC5F007A0E24 /* Sources */,
				463E91151C60DC5F007A0E24 /* Frameworks */,
				463E91161C60DC5F007A0E24 /* Resources */,
			);
			buildRules = (
			);
			dependencies = (
			);
			name = TechMonster;
			productName = TechMonster;
			productReference = 463E91181C60DC5F007A0E24 /* TechMonster.app */;
			productType = "com.apple.product-type.application";
		};
		463E912B1C60DC5F007A0E24 /* TechMonsterTests */ = {
			isa = PBXNativeTarget;
			buildConfigurationList = 463E91431C60DC5F007A0E24 /* Build configuration list for PBXNativeTarget "TechMonsterTests" */;
			buildPhases = (
				463E91281C60DC5F007A0E24 /* Sources */,
				463E91291C60DC5F007A0E24 /* Frameworks */,
				463E912A1C60DC5F007A0E24 /* Resources */,
			);
			buildRules = (
			);
			dependencies = (
				463E912E1C60DC5F007A0E24 /* PBXTargetDependency */,
			);
			name = TechMonsterTests;
			productName = TechMonsterTests;
			productReference = 463E912C1C60DC5F007A0E24 /* TechMonsterTests.xctest */;
			productType = "com.apple.product-type.bundle.unit-test";
		};
		463E91361C60DC5F007A0E24 /* TechMonsterUITests */ = {
			isa = PBXNativeTarget;
			buildConfigurationList = 463E91461C60DC5F007A0E24 /* Build configuration list for PBXNativeTarget "TechMonsterUITests" */;
			buildPhases = (
				463E91331C60DC5F007A0E24 /* Sources */,
				463E91341C60DC5F007A0E24 /* Frameworks */,
				463E91351C60DC5F007A0E24 /* Resources */,
			);
			buildRules = (
			);
			dependencies = (
				463E91391C60DC5F007A0E24 /* PBXTargetDependency */,
			);
			name = TechMonsterUITests;
			productName = TechMonsterUITests;
			productReference = 463E91371C60DC5F007A0E24 /* TechMonsterUITests.xctest */;
			productType = "com.apple.product-type.bundle.ui-testing";
		};
/* End PBXNativeTarget section */

/* Begin PBXProject section */
		463E91101C60DC5F007A0E24 /* Project object */ = {
			isa = PBXProject;
			attributes = {
				LastSwiftUpdateCheck = 0720;
				LastUpgradeCheck = 0720;
				ORGANIZATIONNAME = touyou;
				TargetAttributes = {
					463E91171C60DC5F007A0E24 = {
						CreatedOnToolsVersion = 7.2;
						DevelopmentTeam = Q8H8J4PUJC;
					};
					463E912B1C60DC5F007A0E24 = {
						CreatedOnToolsVersion = 7.2;
						DevelopmentTeam = Q8H8J4PUJC;
						TestTargetID = 463E91171C60DC5F007A0E24;
					};
					463E91361C60DC5F007A0E24 = {
						CreatedOnToolsVersion = 7.2;
						DevelopmentTeam = Q8H8J4PUJC;
						TestTargetID = 463E91171C60DC5F007A0E24;
					};
				};
			};
			buildConfigurationList = 463E91131C60DC5F007A0E24 /* Build configuration list for PBXProject "TechMonster" */;
			compatibilityVersion = "Xcode 3.2";
			developmentRegion = English;
			hasScannedForEncodings = 0;
			knownRegions = (
				en,
				Base,
			);
			mainGroup = 463E910F1C60DC5F007A0E24;
			productRefGroup = 463E91191C60DC5F007A0E24 /* Products */;
			projectDirPath = "";
			projectRoot = "";
			targets = (
				463E91171C60DC5F007A0E24 /* TechMonster */,
				463E912B1C60DC5F007A0E24 /* TechMonsterTests */,
				463E91361C60DC5F007A0E24 /* TechMonsterUITests */,
			);
		};
/* End PBXProject section */

/* Begin PBXResourcesBuildPhase section */
		463E91161C60DC5F007A0E24 /* Resources */ = {
			isa = PBXResourcesBuildPhase;
			buildActionMask = 2147483647;
			files = (
				46AE42DD1C60E98D002B2AF2 /* waku.png in Resources */,
				46AE42E41C60E98D002B2AF2 /* SE_fanfare.mp3 in Resources */,
				463E91261C60DC5F007A0E24 /* LaunchScreen.storyboard in Resources */,
				46AE432B1C6104D2002B2AF2 /* TechMonster.png in Resources */,
				46AE42DB1C60E98D002B2AF2 /* gold_button.png in Resources */,
				46AE42E11C60E98D002B2AF2 /* BGM_battle001.mp3 in Resources */,
				46AE42E21C60E98D002B2AF2 /* lobby.mp3 in Resources */,
				46AE43211C60F868002B2AF2 /* Icon-60@3x.png in Resources */,
				46AE42D71C60E98D002B2AF2 /* misaki_gothic.ttf in Resources */,
				46AE43291C60F9DF002B2AF2 /* Info.plist in Resources */,
				46AE42D41C60E98D002B2AF2 /* Default-568h@2x.png in Resources */,
				46AE42DC1C60E98D002B2AF2 /* lobby.png in Resources */,
				46AE431E1C60F868002B2AF2 /* Icon-40@2x.png in Resources */,
				46AE43241C60F868002B2AF2 /* Icon-83.5@2x.png in Resources */,
				463E91231C60DC5F007A0E24 /* Assets.xcassets in Resources */,
				46AE43261C60F868002B2AF2 /* Icon-Small@2x.png in Resources */,
				46AE42D81C60E98D002B2AF2 /* battlebg.png in Resources */,
				46AE43271C60F868002B2AF2 /* Icon-Small@3x.png in Resources */,
				46AE42E31C60E98D002B2AF2 /* SE_attack.mp3 in Resources */,
				46AE42E51C60E98D002B2AF2 /* SE_gameover.mp3 in Resources */,
				463E91211C60DC5F007A0E24 /* Main.storyboard in Resources */,
				46AE43251C60F868002B2AF2 /* Icon-Small.png in Resources */,
				46AE43201C60F868002B2AF2 /* Icon-60@2x.png in Resources */,
				46AE43221C60F868002B2AF2 /* Icon-76.png in Resources */,
				46AE43231C60F868002B2AF2 /* Icon-76@2x.png in Resources */,
				46AE42D91C60E98D002B2AF2 /* bgimage.jpg in Resources */,
				46AE42D51C60E98D002B2AF2 /* Default-667h@2x.png in Resources */,
				46AE42DA1C60E98D002B2AF2 /* falcon.png in Resources */,
				46AE42D61C60E98D002B2AF2 /* Default-736h@3x.png in Resources */,
				46AE431F1C60F868002B2AF2 /* Icon-40@3x.png in Resources */,
				46AE431D1C60F868002B2AF2 /* Icon-40.png in Resources */,
			);
			runOnlyForDeploymentPostprocessing = 0;
		};
		463E912A1C60DC5F007A0E24 /* Resources */ = {
			isa = PBXResourcesBuildPhase;
			buildActionMask = 2147483647;
			files = (
			);
			runOnlyForDeploymentPostprocessing = 0;
		};
		463E91351C60DC5F007A0E24 /* Resources */ = {
			isa = PBXResourcesBuildPhase;
			buildActionMask = 2147483647;
			files = (
			);
			runOnlyForDeploymentPostprocessing = 0;
		};
/* End PBXResourcesBuildPhase section */

/* Begin PBXSourcesBuildPhase section */
		463E91141C60DC5F007A0E24 /* Sources */ = {
			isa = PBXSourcesBuildPhase;
			buildActionMask = 2147483647;
			files = (
				46AE42DE1C60E98D002B2AF2 /* Enemy.swift in Sources */,
				463E911E1C60DC5F007A0E24 /* ViewController.swift in Sources */,
				46AE42E01C60E98D002B2AF2 /* TechDraUtility.swift in Sources */,
				463E91741C60E045007A0E24 /* LobbyViewController.swift in Sources */,
				46AE42DF1C60E98D002B2AF2 /* Player.swift in Sources */,
				463E911C1C60DC5F007A0E24 /* AppDelegate.swift in Sources */,
			);
			runOnlyForDeploymentPostprocessing = 0;
		};
		463E91281C60DC5F007A0E24 /* Sources */ = {
			isa = PBXSourcesBuildPhase;
			buildActionMask = 2147483647;
			files = (
				463E91311C60DC5F007A0E24 /* TechMonsterTests.swift in Sources */,
			);
			runOnlyForDeploymentPostprocessing = 0;
		};
		463E91331C60DC5F007A0E24 /* Sources */ = {
			isa = PBXSourcesBuildPhase;
			buildActionMask = 2147483647;
			files = (
				463E913C1C60DC5F007A0E24 /* TechMonsterUITests.swift in Sources */,
			);
			runOnlyForDeploymentPostprocessing = 0;
		};
/* End PBXSourcesBuildPhase section */

/* Begin PBXTargetDependency section */
		463E912E1C60DC5F007A0E24 /* PBXTargetDependency */ = {
			isa = PBXTargetDependency;
			target = 463E91171C60DC5F007A0E24 /* TechMonster */;
			targetProxy = 463E912D1C60DC5F007A0E24 /* PBXContainerItemProxy */;
		};
		463E91391C60DC5F007A0E24 /* PBXTargetDependency */ = {
			isa = PBXTargetDependency;
			target = 463E91171C60DC5F007A0E24 /* TechMonster */;
			targetProxy = 463E91381C60DC5F007A0E24 /* PBXContainerItemProxy */;
		};
/* End PBXTargetDependency section */

/* Begin PBXVariantGroup section */
		463E911F1C60DC5F007A0E24 /* Main.storyboard */ = {
			isa = PBXVariantGroup;
			children = (
				463E91201C60DC5F007A0E24 /* Base */,
			);
			name = Main.storyboard;
			sourceTree = "<group>";
		};
		463E91241C60DC5F007A0E24 /* LaunchScreen.storyboard */ = {
			isa = PBXVariantGroup;
			children = (
				463E91251C60DC5F007A0E24 /* Base */,
			);
			name = LaunchScreen.storyboard;
			sourceTree = "<group>";
		};
/* End PBXVariantGroup section */

/* Begin XCBuildConfiguration section */
		463E913E1C60DC5F007A0E24 /* Debug */ = {
			isa = XCBuildConfiguration;
			buildSettings = {
				ALWAYS_SEARCH_USER_PATHS = NO;
				CLANG_CXX_LANGUAGE_STANDARD = "gnu++0x";
				CLANG_CXX_LIBRARY = "libc++";
				CLANG_ENABLE_MODULES = YES;
				CLANG_ENABLE_OBJC_ARC = YES;
				CLANG_WARN_BOOL_CONVERSION = YES;
				CLANG_WARN_CONSTANT_CONVERSION = YES;
				CLANG_WARN_DIRECT_OBJC_ISA_USAGE = YES_ERROR;
				CLANG_WARN_EMPTY_BODY = YES;
				CLANG_WARN_ENUM_CONVERSION = YES;
				CLANG_WARN_INT_CONVERSION = YES;
				CLANG_WARN_OBJC_ROOT_CLASS = YES_ERROR;
				CLANG_WARN_UNREACHABLE_CODE = YES;
				CLANG_WARN__DUPLICATE_METHOD_MATCH = YES;
				"CODE_SIGN_IDENTITY[sdk=iphoneos*]" = "iPhone Developer";
				COPY_PHASE_STRIP = NO;
				DEBUG_INFORMATION_FORMAT = dwarf;
				ENABLE_STRICT_OBJC_MSGSEND = YES;
				ENABLE_TESTABILITY = YES;
				GCC_C_LANGUAGE_STANDARD = gnu99;
				GCC_DYNAMIC_NO_PIC = NO;
				GCC_NO_COMMON_BLOCKS = YES;
				GCC_OPTIMIZATION_LEVEL = 0;
				GCC_PREPROCESSOR_DEFINITIONS = (
					"DEBUG=1",
					"$(inherited)",
				);
				GCC_WARN_64_TO_32_BIT_CONVERSION = YES;
				GCC_WARN_ABOUT_RETURN_TYPE = YES_ERROR;
				GCC_WARN_UNDECLARED_SELECTOR = YES;
				GCC_WARN_UNINITIALIZED_AUTOS = YES_AGGRESSIVE;
				GCC_WARN_UNUSED_FUNCTION = YES;
				GCC_WARN_UNUSED_VARIABLE = YES;
				IPHONEOS_DEPLOYMENT_TARGET = 9.2;
				MTL_ENABLE_DEBUG_INFO = YES;
				ONLY_ACTIVE_ARCH = YES;
				SDKROOT = iphoneos;
				SWIFT_OPTIMIZATION_LEVEL = "-Onone";
			};
			name = Debug;
		};
		463E913F1C60DC5F007A0E24 /* Release */ = {
			isa = XCBuildConfiguration;
			buildSettings = {
				ALWAYS_SEARCH_USER_PATHS = NO;
				CLANG_CXX_LANGUAGE_STANDARD = "gnu++0x";
				CLANG_CXX_LIBRARY = "libc++";
				CLANG_ENABLE_MODULES = YES;
				CLANG_ENABLE_OBJC_ARC = YES;
				CLANG_WARN_BOOL_CONVERSION = YES;
				CLANG_WARN_CONSTANT_CONVERSION = YES;
				CLANG_WARN_DIRECT_OBJC_ISA_USAGE = YES_ERROR;
				CLANG_WARN_EMPTY_BODY = YES;
				CLANG_WARN_ENUM_CONVERSION = YES;
				CLANG_WARN_INT_CONVERSION = YES;
				CLANG_WARN_OBJC_ROOT_CLASS = YES_ERROR;
				CLANG_WARN_UNREACHABLE_CODE = YES;
				CLANG_WARN__DUPLICATE_METHOD_MATCH = YES;
				"CODE_SIGN_IDENTITY[sdk=iphoneos*]" = "iPhone Developer";
				COPY_PHASE_STRIP = NO;
				DEBUG_INFORMATION_FORMAT = "dwarf-with-dsym";
				ENABLE_NS_ASSERTIONS = NO;
				ENABLE_STRICT_OBJC_MSGSEND = YES;
				GCC_C_LANGUAGE_STANDARD = gnu99;
				GCC_NO_COMMON_BLOCKS = YES;
				GCC_WARN_64_TO_32_BIT_CONVERSION = YES;
				GCC_WARN_ABOUT_RETURN_TYPE = YES_ERROR;
				GCC_WARN_UNDECLARED_SELECTOR = YES;
				GCC_WARN_UNINITIALIZED_AUTOS = YES_AGGRESSIVE;
				GCC_WARN_UNUSED_FUNCTION = YES;
				GCC_WARN_UNUSED_VARIABLE = YES;
				IPHONEOS_DEPLOYMENT_TARGET = 9.2;
				MTL_ENABLE_DEBUG_INFO = NO;
				SDKROOT = iphoneos;
				VALIDATE_PRODUCT = YES;
			};
			name = Release;
		};
		463E91411C60DC5F007A0E24 /* Debug */ = {
			isa = XCBuildConfiguration;
			buildSettings = {
				ASSETCATALOG_COMPILER_APPICON_NAME = AppIcon;
				INFOPLIST_FILE = TechMonster/Info.plist;
				IPHONEOS_DEPLOYMENT_TARGET = 8.0;
				LD_RUNPATH_SEARCH_PATHS = "$(inherited) @executable_path/Frameworks";
				PRODUCT_BUNDLE_IDENTIFIER = io.github.touyou.TechMonster;
				PRODUCT_NAME = "$(TARGET_NAME)";
			};
			name = Debug;
		};
		463E91421C60DC5F007A0E24 /* Release */ = {
			isa = XCBuildConfiguration;
			buildSettings = {
				ASSETCATALOG_COMPILER_APPICON_NAME = AppIcon;
				INFOPLIST_FILE = TechMonster/Info.plist;
				IPHONEOS_DEPLOYMENT_TARGET = 8.0;
				LD_RUNPATH_SEARCH_PATHS = "$(inherited) @executable_path/Frameworks";
				PRODUCT_BUNDLE_IDENTIFIER = io.github.touyou.TechMonster;
				PRODUCT_NAME = "$(TARGET_NAME)";
			};
			name = Release;
		};
		463E91441C60DC5F007A0E24 /* Debug */ = {
			isa = XCBuildConfiguration;
			buildSettings = {
				BUNDLE_LOADER = "$(TEST_HOST)";
				INFOPLIST_FILE = TechMonsterTests/Info.plist;
				LD_RUNPATH_SEARCH_PATHS = "$(inherited) @executable_path/Frameworks @loader_path/Frameworks";
				PRODUCT_BUNDLE_IDENTIFIER = io.github.touyou.TechMonsterTests;
				PRODUCT_NAME = "$(TARGET_NAME)";
				TEST_HOST = "$(BUILT_PRODUCTS_DIR)/TechMonster.app/TechMonster";
			};
			name = Debug;
		};
		463E91451C60DC5F007A0E24 /* Release */ = {
			isa = XCBuildConfiguration;
			buildSettings = {
				BUNDLE_LOADER = "$(TEST_HOST)";
				INFOPLIST_FILE = TechMonsterTests/Info.plist;
				LD_RUNPATH_SEARCH_PATHS = "$(inherited) @executable_path/Frameworks @loader_path/Frameworks";
				PRODUCT_BUNDLE_IDENTIFIER = io.github.touyou.TechMonsterTests;
				PRODUCT_NAME = "$(TARGET_NAME)";
				TEST_HOST = "$(BUILT_PRODUCTS_DIR)/TechMonster.app/TechMonster";
			};
			name = Release;
		};
		463E91471C60DC5F007A0E24 /* Debug */ = {
			isa = XCBuildConfiguration;
			buildSettings = {
				INFOPLIST_FILE = TechMonsterUITests/Info.plist;
				LD_RUNPATH_SEARCH_PATHS = "$(inherited) @executable_path/Frameworks @loader_path/Frameworks";
				PRODUCT_BUNDLE_IDENTIFIER = io.github.touyou.TechMonsterUITests;
				PRODUCT_NAME = "$(TARGET_NAME)";
				TEST_TARGET_NAME = TechMonster;
				USES_XCTRUNNER = YES;
			};
			name = Debug;
		};
		463E91481C60DC5F007A0E24 /* Release */ = {
			isa = XCBuildConfiguration;
			buildSettings = {
				INFOPLIST_FILE = TechMonsterUITests/Info.plist;
				LD_RUNPATH_SEARCH_PATHS = "$(inherited) @executable_path/Frameworks @loader_path/Frameworks";
				PRODUCT_BUNDLE_IDENTIFIER = io.github.touyou.TechMonsterUITests;
				PRODUCT_NAME = "$(TARGET_NAME)";
				TEST_TARGET_NAME = TechMonster;
				USES_XCTRUNNER = YES;
			};
			name = Release;
		};
/* End XCBuildConfiguration section */

/* Begin XCConfigurationList section */
		463E91131C60DC5F007A0E24 /* Build configuration list for PBXProject "TechMonster" */ = {
			isa = XCConfigurationList;
			buildConfigurations = (
				463E913E1C60DC5F007A0E24 /* Debug */,
				463E913F1C60DC5F007A0E24 /* Release */,
			);
			defaultConfigurationIsVisible = 0;
			defaultConfigurationName = Release;
		};
		463E91401C60DC5F007A0E24 /* Build configuration list for PBXNativeTarget "TechMonster" */ = {
			isa = XCConfigurationList;
			buildConfigurations = (
				463E91411C60DC5F007A0E24 /* Debug */,
				463E91421C60DC5F007A0E24 /* Release */,
			);
			defaultConfigurationIsVisible = 0;
			defaultConfigurationName = Release;
		};
		463E91431C60DC5F007A0E24 /* Build configuration list for PBXNativeTarget "TechMonsterTests" */ = {
			isa = XCConfigurationList;
			buildConfigurations = (
				463E91441C60DC5F007A0E24 /* Debug */,
				463E91451C60DC5F007A0E24 /* Release */,
			);
			defaultConfigurationIsVisible = 0;
			defaultConfigurationName = Release;
		};
		463E91461C60DC5F007A0E24 /* Build configuration list for PBXNativeTarget "TechMonsterUITests" */ = {
			isa = XCConfigurationList;
			buildConfigurations = (
				463E91471C60DC5F007A0E24 /* Debug */,
				463E91481C60DC5F007A0E24 /* Release */,
			);
			defaultConfigurationIsVisible = 0;
			defaultConfigurationName = Release;
		};
/* End XCConfigurationList section */
	};
	rootObject = 463E91101C60DC5F007A0E24 /* Project object */;
}
